<?xml version="1.0" encoding="utf-8"?>
<Project ToolsVersion="4.0" xmlns="http://schemas.microsoft.com/developer/msbuild/2003">
  <ItemGroup>
    <Filter Include="源文件">
      <UniqueIdentifier>{4FC737F1-C7A5-4376-A066-2A32D752A2FF}</UniqueIdentifier>
      <Extensions>cpp;c;cc;cxx;c++;cppm;ixx;def;odl;idl;hpj;bat;asm;asmx</Extensions>
    </Filter>
    <Filter Include="头文件">
      <UniqueIdentifier>{93995380-89BD-4b04-88EB-625FBE52EBFB}</UniqueIdentifier>
      <Extensions>h;hh;hpp;hxx;h++;hm;inl;inc;ipp;xsd</Extensions>
    </Filter>
    <Filter Include="资源文件">
      <UniqueIdentifier>{67DA6AB6-F800-4c08-8B7A-83BB121AAD01}</UniqueIdentifier>
      <Extensions>rc;ico;cur;bmp;dlg;rc2;rct;bin;rgs;gif;jpg;jpeg;jpe;resx;tiff;tif;png;wav;mfcribbon-ms</Extensions>
    </Filter>
  </ItemGroup>
  <ItemGroup>
    <ClCompile Include="01 生成随机数.cpp">
      <Filter>源文件</Filter>
    </ClCompile>
    <ClCompile Include="02 srting类.cpp">
      <Filter>源文件</Filter>
    </ClCompile>
    <ClCompile Include="03 string综合案例.cpp">
      <Filter>源文件</Filter>
    </ClCompile>
    <ClCompile Include="04 函数递归.cpp">
      <Filter>源文件</Filter>
    </ClCompile>
    <ClCompile Include="05 二维数组迷宫案例.cpp">
      <Filter>源文件</Filter>
    </ClCompile>
    <ClCompile Include="06 引用.cpp">
      <Filter>源文件</Filter>
    </ClCompile>
    <ClCompile Include="07 结构体综合案例.cpp">
      <Filter>源文件</Filter>
    </ClCompile>
    <ClCompile Include="08 位运算.cpp">
      <Filter>源文件</Filter>
    </ClCompile>
    <ClCompile Include="09 拷贝构造.cpp">
      <Filter>源文件</Filter>
    </ClCompile>
    <ClCompile Include="10 析构函数.cpp">
      <Filter>源文件</Filter>
    </ClCompile>
    <ClCompile Include="11 动态创建对象.cpp">
      <Filter>源文件</Filter>
    </ClCompile>
    <ClCompile Include="12 静态成员变量.cpp">
      <Filter>源文件</Filter>
    </ClCompile>
    <ClCompile Include="13 this指针.cpp">
      <Filter>源文件</Filter>
    </ClCompile>
    <ClCompile Include="14 友元函数.cpp">
      <Filter>源文件</Filter>
    </ClCompile>
    <ClCompile Include="15 友元类.cpp">
      <Filter>源文件</Filter>
    </ClCompile>
    <ClCompile Include="16 运算符重载.cpp">
      <Filter>源文件</Filter>
    </ClCompile>
    <ClCompile Include="17 运算符重载案例.cpp">
      <Filter>源文件</Filter>
    </ClCompile>
    <ClCompile Include="18 继承.cpp">
      <Filter>源文件</Filter>
    </ClCompile>
    <ClCompile Include="19 继承案例.cpp">
      <Filter>源文件</Filter>
    </ClCompile>
    <ClCompile Include="20 多态.cpp">
      <Filter>源文件</Filter>
    </ClCompile>
    <ClCompile Include="21 虚函数表和动态绑定.cpp">
      <Filter>源文件</Filter>
    </ClCompile>
    <ClCompile Include="22 纯虚函数.cpp">
      <Filter>源文件</Filter>
    </ClCompile>
    <ClCompile Include="23 类和对象综合案例.cpp">
      <Filter>源文件</Filter>
    </ClCompile>
    <ClCompile Include="24 异常.cpp">
      <Filter>源文件</Filter>
    </ClCompile>
    <ClCompile Include="25 异常处理案例.cpp">
      <Filter>源文件</Filter>
    </ClCompile>
    <ClCompile Include="26 嵌套类与局部类.cpp">
      <Filter>源文件</Filter>
    </ClCompile>
    <ClCompile Include="27 模版.cpp">
      <Filter>源文件</Filter>
    </ClCompile>
    <ClCompile Include="28 类模版.cpp">
      <Filter>源文件</Filter>
    </ClCompile>
    <ClCompile Include="29 类模板案例.cpp">
      <Filter>源文件</Filter>
    </ClCompile>
    <ClCompile Include="30 string类.cpp">
      <Filter>源文件</Filter>
    </ClCompile>
    <ClCompile Include="31 string类案例.cpp">
      <Filter>源文件</Filter>
    </ClCompile>
    <ClCompile Include="32 vector类.cpp">
      <Filter>源文件</Filter>
    </ClCompile>
    <ClCompile Include="33 vector案例.cpp">
      <Filter>源文件</Filter>
    </ClCompile>
    <ClCompile Include="34 stack容器.cpp">
      <Filter>源文件</Filter>
    </ClCompile>
    <ClCompile Include="35 queue容器.cpp">
      <Filter>源文件</Filter>
    </ClCompile>
    <ClCompile Include="36 dequeue容器.cpp">
      <Filter>源文件</Filter>
    </ClCompile>
    <ClCompile Include="37 dequeue容器案例.cpp">
      <Filter>源文件</Filter>
    </ClCompile>
    <ClCompile Include="38 list容器.cpp">
      <Filter>源文件</Filter>
    </ClCompile>
    <ClCompile Include="39 list容器案例.cpp">
      <Filter>源文件</Filter>
    </ClCompile>
    <ClCompile Include="40 set容器.cpp">
      <Filter>源文件</Filter>
    </ClCompile>
    <ClCompile Include="41 multiset容器.cpp">
      <Filter>源文件</Filter>
    </ClCompile>
    <ClCompile Include="42 map容器.cpp">
      <Filter>源文件</Filter>
    </ClCompile>
    <ClCompile Include="43 multimap容器.cpp">
      <Filter>源文件</Filter>
    </ClCompile>
    <ClCompile Include="44 STL常用算法.cpp">
      <Filter>源文件</Filter>
    </ClCompile>
    <ClCompile Include="44 常用查找算法.cpp">
      <Filter>源文件</Filter>
    </ClCompile>
    <ClCompile Include="45 常用排序算法.cpp">
      <Filter>源文件</Filter>
    </ClCompile>
    <ClCompile Include="46 常用拷贝和替换算法.cpp">
      <Filter>源文件</Filter>
    </ClCompile>
    <ClCompile Include="47 算术生成算法.cpp">
      <Filter>源文件</Filter>
    </ClCompile>
    <ClCompile Include="48 常用集合算法.cpp">
      <Filter>源文件</Filter>
    </ClCompile>
    <ClCompile Include="49 STL练习题.cpp">
      <Filter>源文件</Filter>
    </ClCompile>
    <ClCompile Include="50 文件输入输出.cpp">
      <Filter>源文件</Filter>
    </ClCompile>
    <ClCompile Include="51 二进制文件输入输出.cpp">
      <Filter>源文件</Filter>
    </ClCompile>
    <ClCompile Include="52 fstream文件操作.cpp">
      <Filter>源文件</Filter>
    </ClCompile>
    <ClCompile Include="53 文件定位和大小案例.cpp">
      <Filter>源文件</Filter>
    </ClCompile>
    <ClCompile Include="54 自动类型推导auto.cpp">
      <Filter>源文件</Filter>
    </ClCompile>
    <ClCompile Include="55 decltype.cpp">
      <Filter>源文件</Filter>
    </ClCompile>
    <ClCompile Include="56 右值引用.cpp">
      <Filter>源文件</Filter>
    </ClCompile>
    <ClCompile Include="57 for each遍历.cpp">
      <Filter>源文件</Filter>
    </ClCompile>
    <ClCompile Include="58 Lambda.cpp">
      <Filter>源文件</Filter>
    </ClCompile>
    <ClCompile Include="59 智能指针.cpp">
      <Filter>源文件</Filter>
    </ClCompile>
    <ClCompile Include="60 可变参数模版.cpp">
      <Filter>源文件</Filter>
    </ClCompile>
    <ClCompile Include="61 array forward_list.cpp">
      <Filter>源文件</Filter>
    </ClCompile>
    <ClCompile Include="62 unordered.cpp">
      <Filter>源文件</Filter>
    </ClCompile>
    <ClCompile Include="63 lambda练习.cpp">
      <Filter>源文件</Filter>
    </ClCompile>
    <ClCompile Include="64 黑马STL案例1.cpp">
      <Filter>源文件</Filter>
    </ClCompile>
    <ClCompile Include="64 黑马STL案例2.cpp">
      <Filter>源文件</Filter>
    </ClCompile>
    <ClCompile Include="65 黑马演讲比赛案例.cpp">
      <Filter>源文件</Filter>
    </ClCompile>
  </ItemGroup>
</Project>